
Microsoft Visual Studio Solution File, Format Version 12.00
# Visual Studio Version 16
VisualStudioVersion = 16.0.31424.327
MinimumVisualStudioVersion = 10.0.40219.1
Project("{9A19103F-16F7-4668-BE54-9A1E7A4F7556}") = "Cadastro.WebAPI", "Cadastro.WebAPI\Cadastro.WebAPI.csproj", "{1B683D2E-0E96-4C88-B016-199F676187DF}"
EndProject
Project("{9A19103F-16F7-4668-BE54-9A1E7A4F7556}") = "UnitTests", "UnitTests\UnitTests.csproj", "{AA03B665-9CA0-40AA-8E11-AFA9ECF8D67D}"
EndProject
Project("{FAE04EC0-301F-11D3-BF4B-00C04F79EFBC}") = "Cadastro.App.UWP", "Cadastro.App\Cadastro.App.UWP\Cadastro.App.UWP.csproj", "{B3B14A7C-3740-418F-A0B4-959BFEAFA27F}"
EndProject
Project("{FAE04EC0-301F-11D3-BF4B-00C04F79EFBC}") = "Cadastro.App.Android", "Cadastro.App\Cadastro.App.Android\Cadastro.App.Android.csproj", "{26D5D703-5069-4FAF-92B8-31098FA8916D}"
EndProject
Project("{9A19103F-16F7-4668-BE54-9A1E7A4F7556}") = "Cadastro.App", "Cadastro.App\Cadastro.App\Cadastro.App.csproj", "{F5EF14C6-BDCB-4D86-A5A3-F936B3E53631}"
	ProjectSection(ProjectDependencies) = postProject
		{1B683D2E-0E96-4C88-B016-199F676187DF} = {1B683D2E-0E96-4C88-B016-199F676187DF}
	EndProjectSection
EndProject
Global
	GlobalSection(SolutionConfigurationPlatforms) = preSolution
		Debug|Any CPU = Debug|Any CPU
		Debug|ARM = Debug|ARM
		Debug|x64 = Debug|x64
		Debug|x86 = Debug|x86
		Release|Any CPU = Release|Any CPU
		Release|ARM = Release|ARM
		Release|x64 = Release|x64
		Release|x86 = Release|x86
	EndGlobalSection
	GlobalSection(ProjectConfigurationPlatforms) = postSolution
		{1B683D2E-0E96-4C88-B016-199F676187DF}.Debug|Any CPU.ActiveCfg = Debug|Any CPU
		{1B683D2E-0E96-4C88-B016-199F676187DF}.Debug|Any CPU.Build.0 = Debug|Any CPU
		{1B683D2E-0E96-4C88-B016-199F676187DF}.Debug|ARM.ActiveCfg = Debug|Any CPU
		{1B683D2E-0E96-4C88-B016-199F676187DF}.Debug|ARM.Build.0 = Debug|Any CPU
		{1B683D2E-0E96-4C88-B016-199F676187DF}.Debug|x64.ActiveCfg = Debug|Any CPU
		{1B683D2E-0E96-4C88-B016-199F676187DF}.Debug|x64.Build.0 = Debug|Any CPU
		{1B683D2E-0E96-4C88-B016-199F676187DF}.Debug|x86.ActiveCfg = Debug|Any CPU
		{1B683D2E-0E96-4C88-B016-199F676187DF}.Debug|x86.Build.0 = Debug|Any CPU
		{1B683D2E-0E96-4C88-B016-199F676187DF}.Release|Any CPU.ActiveCfg = Release|Any CPU
		{1B683D2E-0E96-4C88-B016-199F676187DF}.Release|Any CPU.Build.0 = Release|Any CPU
		{1B683D2E-0E96-4C88-B016-199F676187DF}.Release|ARM.ActiveCfg = Release|Any CPU
		{1B683D2E-0E96-4C88-B016-199F676187DF}.Release|ARM.Build.0 = Release|Any CPU
		{1B683D2E-0E96-4C88-B016-199F676187DF}.Release|x64.ActiveCfg = Release|Any CPU
		{1B683D2E-0E96-4C88-B016-199F676187DF}.Release|x64.Build.0 = Release|Any CPU
		{1B683D2E-0E96-4C88-B016-199F676187DF}.Release|x86.ActiveCfg = Release|Any CPU
		{1B683D2E-0E96-4C88-B016-199F676187DF}.Release|x86.Build.0 = Release|Any CPU
		{AA03B665-9CA0-40AA-8E11-AFA9ECF8D67D}.Debug|Any CPU.ActiveCfg = Debug|Any CPU
		{AA03B665-9CA0-40AA-8E11-AFA9ECF8D67D}.Debug|Any CPU.Build.0 = Debug|Any CPU
		{AA03B665-9CA0-40AA-8E11-AFA9ECF8D67D}.Debug|ARM.ActiveCfg = Debug|Any CPU
		{AA03B665-9CA0-40AA-8E11-AFA9ECF8D67D}.Debug|ARM.Build.0 = Debug|Any CPU
		{AA03B665-9CA0-40AA-8E11-AFA9ECF8D67D}.Debug|x64.ActiveCfg = Debug|Any CPU
		{AA03B665-9CA0-40AA-8E11-AFA9ECF8D67D}.Debug|x64.Build.0 = Debug|Any CPU
		{AA03B665-9CA0-40AA-8E11-AFA9ECF8D67D}.Debug|x86.ActiveCfg = Debug|Any CPU
		{AA03B665-9CA0-40AA-8E11-AFA9ECF8D67D}.Debug|x86.Build.0 = Debug|Any CPU
		{AA03B665-9CA0-40AA-8E11-AFA9ECF8D67D}.Release|Any CPU.ActiveCfg = Release|Any CPU
		{AA03B665-9CA0-40AA-8E11-AFA9ECF8D67D}.Release|Any CPU.Build.0 = Release|Any CPU
		{AA03B665-9CA0-40AA-8E11-AFA9ECF8D67D}.Release|ARM.ActiveCfg = Release|Any CPU
		{AA03B665-9CA0-40AA-8E11-AFA9ECF8D67D}.Release|ARM.Build.0 = Release|Any CPU
		{AA03B665-9CA0-40AA-8E11-AFA9ECF8D67D}.Release|x64.ActiveCfg = Release|Any CPU
		{AA03B665-9CA0-40AA-8E11-AFA9ECF8D67D}.Release|x64.Build.0 = Release|Any CPU
		{AA03B665-9CA0-40AA-8E11-AFA9ECF8D67D}.Release|x86.ActiveCfg = Release|Any CPU
		{AA03B665-9CA0-40AA-8E11-AFA9ECF8D67D}.Release|x86.Build.0 = Release|Any CPU
		{B3B14A7C-3740-418F-A0B4-959BFEAFA27F}.Debug|Any CPU.ActiveCfg = Debug|x86
		{B3B14A7C-3740-418F-A0B4-959BFEAFA27F}.Debug|Any CPU.Build.0 = Debug|x86
		{B3B14A7C-3740-418F-A0B4-959BFEAFA27F}.Debug|Any CPU.Deploy.0 = Debug|x86
		{B3B14A7C-3740-418F-A0B4-959BFEAFA27F}.Debug|ARM.ActiveCfg = Debug|ARM
		{B3B14A7C-3740-418F-A0B4-959BFEAFA27F}.Debug|ARM.Build.0 = Debug|ARM
		{B3B14A7C-3740-418F-A0B4-959BFEAFA27F}.Debug|ARM.Deploy.0 = Debug|ARM
		{B3B14A7C-3740-418F-A0B4-959BFEAFA27F}.Debug|x64.ActiveCfg = Debug|x64
		{B3B14A7C-3740-418F-A0B4-959BFEAFA27F}.Debug|x64.Build.0 = Debug|x64
		{B3B14A7C-3740-418F-A0B4-959BFEAFA27F}.Debug|x64.Deploy.0 = Debug|x64
		{B3B14A7C-3740-418F-A0B4-959BFEAFA27F}.Debug|x86.ActiveCfg = Debug|x86
		{B3B14A7C-3740-418F-A0B4-959BFEAFA27F}.Debug|x86.Build.0 = Debug|x86
		{B3B14A7C-3740-418F-A0B4-959BFEAFA27F}.Debug|x86.Deploy.0 = Debug|x86
		{B3B14A7C-3740-418F-A0B4-959BFEAFA27F}.Release|Any CPU.ActiveCfg = Release|x86
		{B3B14A7C-3740-418F-A0B4-959BFEAFA27F}.Release|ARM.ActiveCfg = Release|ARM
		{B3B14A7C-3740-418F-A0B4-959BFEAFA27F}.Release|ARM.Build.0 = Release|ARM
		{B3B14A7C-3740-418F-A0B4-959BFEAFA27F}.Release|ARM.Deploy.0 = Release|ARM
		{B3B14A7C-3740-418F-A0B4-959BFEAFA27F}.Release|x64.ActiveCfg = Release|x64
		{B3B14A7C-3740-418F-A0B4-959BFEAFA27F}.Release|x64.Build.0 = Release|x64
		{B3B14A7C-3740-418F-A0B4-959BFEAFA27F}.Release|x64.Deploy.0 = Release|x64
		{B3B14A7C-3740-418F-A0B4-959BFEAFA27F}.Release|x86.ActiveCfg = Release|x86
		{B3B14A7C-3740-418F-A0B4-959BFEAFA27F}.Release|x86.Build.0 = Release|x86
		{B3B14A7C-3740-418F-A0B4-959BFEAFA27F}.Release|x86.Deploy.0 = Release|x86
		{26D5D703-5069-4FAF-92B8-31098FA8916D}.Debug|Any CPU.ActiveCfg = Debug|Any CPU
		{26D5D703-5069-4FAF-92B8-31098FA8916D}.Debug|Any CPU.Build.0 = Debug|Any CPU
		{26D5D703-5069-4FAF-92B8-31098FA8916D}.Debug|Any CPU.Deploy.0 = Debug|Any CPU
		{26D5D703-5069-4FAF-92B8-31098FA8916D}.Debug|ARM.ActiveCfg = Debug|Any CPU
		{26D5D703-5069-4FAF-92B8-31098FA8916D}.Debug|ARM.Build.0 = Debug|Any CPU
		{26D5D703-5069-4FAF-92B8-31098FA8916D}.Debug|ARM.Deploy.0 = Debug|Any CPU
		{26D5D703-5069-4FAF-92B8-31098FA8916D}.Debug|x64.ActiveCfg = Debug|Any CPU
		{26D5D703-5069-4FAF-92B8-31098FA8916D}.Debug|x64.Build.0 = Debug|Any CPU
		{26D5D703-5069-4FAF-92B8-31098FA8916D}.Debug|x64.Deploy.0 = Debug|Any CPU
		{26D5D703-5069-4FAF-92B8-31098FA8916D}.Debug|x86.ActiveCfg = Debug|Any CPU
		{26D5D703-5069-4FAF-92B8-31098FA8916D}.Debug|x86.Build.0 = Debug|Any CPU
		{26D5D703-5069-4FAF-92B8-31098FA8916D}.Debug|x86.Deploy.0 = Debug|Any CPU
		{26D5D703-5069-4FAF-92B8-31098FA8916D}.Release|Any CPU.ActiveCfg = Release|Any CPU
		{26D5D703-5069-4FAF-92B8-31098FA8916D}.Release|Any CPU.Build.0 = Release|Any CPU
		{26D5D703-5069-4FAF-92B8-31098FA8916D}.Release|Any CPU.Deploy.0 = Release|Any CPU
		{26D5D703-5069-4FAF-92B8-31098FA8916D}.Release|ARM.ActiveCfg = Release|Any CPU
		{26D5D703-5069-4FAF-92B8-31098FA8916D}.Release|ARM.Build.0 = Release|Any CPU
		{26D5D703-5069-4FAF-92B8-31098FA8916D}.Release|ARM.Deploy.0 = Release|Any CPU
		{26D5D703-5069-4FAF-92B8-31098FA8916D}.Release|x64.ActiveCfg = Release|Any CPU
		{26D5D703-5069-4FAF-92B8-31098FA8916D}.Release|x64.Build.0 = Release|Any CPU
		{26D5D703-5069-4FAF-92B8-31098FA8916D}.Release|x64.Deploy.0 = Release|Any CPU
		{26D5D703-5069-4FAF-92B8-31098FA8916D}.Release|x86.ActiveCfg = Release|Any CPU
		{26D5D703-5069-4FAF-92B8-31098FA8916D}.Release|x86.Build.0 = Release|Any CPU
		{26D5D703-5069-4FAF-92B8-31098FA8916D}.Release|x86.Deploy.0 = Release|Any CPU
		{F5EF14C6-BDCB-4D86-A5A3-F936B3E53631}.Debug|Any CPU.ActiveCfg = Debug|Any CPU
		{F5EF14C6-BDCB-4D86-A5A3-F936B3E53631}.Debug|Any CPU.Build.0 = Debug|Any CPU
		{F5EF14C6-BDCB-4D86-A5A3-F936B3E53631}.Debug|ARM.ActiveCfg = Debug|Any CPU
		{F5EF14C6-BDCB-4D86-A5A3-F936B3E53631}.Debug|ARM.Build.0 = Debug|Any CPU
		{F5EF14C6-BDCB-4D86-A5A3-F936B3E53631}.Debug|x64.ActiveCfg = Debug|Any CPU
		{F5EF14C6-BDCB-4D86-A5A3-F936B3E53631}.Debug|x64.Build.0 = Debug|Any CPU
		{F5EF14C6-BDCB-4D86-A5A3-F936B3E53631}.Debug|x86.ActiveCfg = Debug|Any CPU
		{F5EF14C6-BDCB-4D86-A5A3-F936B3E53631}.Debug|x86.Build.0 = Debug|Any CPU
		{F5EF14C6-BDCB-4D86-A5A3-F936B3E53631}.Release|Any CPU.ActiveCfg = Release|Any CPU
		{F5EF14C6-BDCB-4D86-A5A3-F936B3E53631}.Release|Any CPU.Build.0 = Release|Any CPU
		{F5EF14C6-BDCB-4D86-A5A3-F936B3E53631}.Release|ARM.ActiveCfg = Release|Any CPU
		{F5EF14C6-BDCB-4D86-A5A3-F936B3E53631}.Release|ARM.Build.0 = Release|Any CPU
		{F5EF14C6-BDCB-4D86-A5A3-F936B3E53631}.Release|x64.ActiveCfg = Release|Any CPU
		{F5EF14C6-BDCB-4D86-A5A3-F936B3E53631}.Release|x64.Build.0 = Release|Any CPU
		{F5EF14C6-BDCB-4D86-A5A3-F936B3E53631}.Release|x86.ActiveCfg = Release|Any CPU
		{F5EF14C6-BDCB-4D86-A5A3-F936B3E53631}.Release|x86.Build.0 = Release|Any CPU
	EndGlobalSection
	GlobalSection(SolutionProperties) = preSolution
		HideSolutionNode = FALSE
	EndGlobalSection
	GlobalSection(ExtensibilityGlobals) = postSolution
		SolutionGuid = {DB704930-42C2-4CF4-9B09-0204E8FD5212}
	EndGlobalSection
EndGlobal
